// !$*UTF8*$!
{
	archiveVersion = 1;
	classes = {
	};
	objectVersion = 50;
	objects = {

/* Begin PBXBuildFile section */
		EC30D3A02497007D0076EAFC /* AppDelegate.swift in Sources */ = {isa = PBXBuildFile; fileRef = EC30D39F2497007D0076EAFC /* AppDelegate.swift */; };
		EC30D3A22497007D0076EAFC /* SceneDelegate.swift in Sources */ = {isa = PBXBuildFile; fileRef = EC30D3A12497007D0076EAFC /* SceneDelegate.swift */; };
		EC30D3A42497007D0076EAFC /* ViewController.swift in Sources */ = {isa = PBXBuildFile; fileRef = EC30D3A32497007D0076EAFC /* ViewController.swift */; };
		EC30D3A9249700820076EAFC /* Assets.xcassets in Resources */ = {isa = PBXBuildFile; fileRef = EC30D3A8249700820076EAFC /* Assets.xcassets */; };
		EC30D3AC249700820076EAFC /* LaunchScreen.storyboard in Resources */ = {isa = PBXBuildFile; fileRef = EC30D3AA249700820076EAFC /* LaunchScreen.storyboard */; };
		EC30D3B42497138E0076EAFC /* PlayViewController.swift in Sources */ = {isa = PBXBuildFile; fileRef = EC30D3B32497138E0076EAFC /* PlayViewController.swift */; };
		EC30D3B6249713AB0076EAFC /* ResultViewController.swift in Sources */ = {isa = PBXBuildFile; fileRef = EC30D3B5249713AB0076EAFC /* ResultViewController.swift */; };
		EC30D3BA249724FB0076EAFC /* Main.storyboard in Resources */ = {isa = PBXBuildFile; fileRef = EC30D3B9249724FB0076EAFC /* Main.storyboard */; };
/* End PBXBuildFile section */

/* Begin PBXFileReference section */
		EC30D39C2497007D0076EAFC /* GestureFlash.app */ = {isa = PBXFileReference; explicitFileType = wrapper.application; includeInIndex = 0; path = GestureFlash.app; sourceTree = BUILT_PRODUCTS_DIR; };
		EC30D39F2497007D0076EAFC /* AppDelegate.swift */ = {isa = PBXFileReference; lastKnownFileType = sourcecode.swift; path = AppDelegate.swift; sourceTree = "<group>"; };
		EC30D3A12497007D0076EAFC /* SceneDelegate.swift */ = {isa = PBXFileReference; lastKnownFileType = sourcecode.swift; path = SceneDelegate.swift; sourceTree = "<group>"; };
		EC30D3A32497007D0076EAFC /* ViewController.swift */ = {isa = PBXFileReference; lastKnownFileType = sourcecode.swift; path = ViewController.swift; sourceTree = "<group>"; };
		EC30D3A8249700820076EAFC /* Assets.xcassets */ = {isa = PBXFileReference; lastKnownFileType = folder.assetcatalog; path = Assets.xcassets; sourceTree = "<group>"; };
		EC30D3AB249700820076EAFC /* Base */ = {isa = PBXFileReference; lastKnownFileType = file.storyboard; name = Base; path = Base.lproj/LaunchScreen.storyboard; sourceTree = "<group>"; };
		EC30D3AD249700820076EAFC /* Info.plist */ = {isa = PBXFileReference; lastKnownFileType = text.plist.xml; path = Info.plist; sourceTree = "<group>"; };
		EC30D3B32497138E0076EAFC /* PlayViewController.swift */ = {isa = PBXFileReference; lastKnownFileType = sourcecode.swift; path = PlayViewController.swift; sourceTree = "<group>"; };
		EC30D3B5249713AB0076EAFC /* ResultViewController.swift */ = {isa = PBXFileReference; lastKnownFileType = sourcecode.swift; path = ResultViewController.swift; sourceTree = "<group>"; };
		EC30D3B9249724FB0076EAFC /* Main.storyboard */ = {isa = PBXFileReference; fileEncoding = 4; lastKnownFileType = file.storyboard; name = Main.storyboard; path = ../../../Downloads/GestureFlash_CHAWSUMON/GestureFlash/Main.storyboard; sourceTree = "<group>"; };
/* End PBXFileReference section */

/* Begin PBXFrameworksBuildPhase section */
		EC30D3992497007D0076EAFC /* Frameworks */ = {
			isa = PBXFrameworksBuildPhase;
			buildActionMask = 2147483647;
			files = (
			);
			runOnlyForDeploymentPostprocessing = 0;
		};
/* End PBXFrameworksBuildPhase section */

/* Begin PBXGroup section */
		EC30D3932497007D0076EAFC = {
			isa = PBXGroup;
			children = (
				EC30D39E2497007D0076EAFC /* GestureFlash */,
				EC30D39D2497007D0076EAFC /* Products */,
			);
			sourceTree = "<group>";
		};
		EC30D39D2497007D0076EAFC /* Products */ = {
			isa = PBXGroup;
			children = (
				EC30D39C2497007D0076EAFC /* GestureFlash.app */,
			);
			name = Products;
			sourceTree = "<group>";
		};
		EC30D39E2497007D0076EAFC /* GestureFlash */ = {
			isa = PBXGroup;
			children = (
				EC30D39F2497007D0076EAFC /* AppDelegate.swift */,
				EC30D3A12497007D0076EAFC /* SceneDelegate.swift */,
				EC30D3A32497007D0076EAFC /* ViewController.swift */,
				EC30D3B9249724FB0076EAFC /* Main.storyboard */,
				EC30D3A8249700820076EAFC /* Assets.xcassets */,
				EC30D3AA249700820076EAFC /* LaunchScreen.storyboard */,
				EC30D3AD249700820076EAFC /* Info.plist */,
				EC30D3B32497138E0076EAFC /* PlayViewController.swift */,
				EC30D3B5249713AB0076EAFC /* ResultViewController.swift */,
			);
			path = GestureFlash;
			sourceTree = "<group>";
		};
/* End PBXGroup section */

/* Begin PBXNativeTarget section */
		EC30D39B2497007D0076EAFC /* GestureFlash */ = {
			isa = PBXNativeTarget;
			buildConfigurationList = EC30D3B0249700820076EAFC /* Build configuration list for PBXNativeTarget "GestureFlash" */;
			buildPhases = (
				EC30D3982497007D0076EAFC /* Sources */,
				EC30D3992497007D0076EAFC /* Frameworks */,
				EC30D39A2497007D0076EAFC /* Resources */,
			);
			buildRules = (
			);
			dependencies = (
			);
			name = GestureFlash;
			productName = GestureFlash;
			productReference = EC30D39C2497007D0076EAFC /* GestureFlash.app */;
			productType = "com.apple.product-type.application";
		};
/* End PBXNativeTarget section */

/* Begin PBXProject section */
		EC30D3942497007D0076EAFC /* Project object */ = {
			isa = PBXProject;
			attributes = {
				LastSwiftUpdateCheck = 1150;
				LastUpgradeCheck = 1150;
				ORGANIZATIONNAME = "Pan Zun";
				TargetAttributes = {
					EC30D39B2497007D0076EAFC = {
						CreatedOnToolsVersion = 11.5;
					};
				};
			};
			buildConfigurationList = EC30D3972497007D0076EAFC /* Build configuration list for PBXProject "GestureFlash" */;
			compatibilityVersion = "Xcode 9.3";
			developmentRegion = en;
			hasScannedForEncodings = 0;
			knownRegions = (
				en,
				Base,
			);
			mainGroup = EC30D3932497007D0076EAFC;
			productRefGroup = EC30D39D2497007D0076EAFC /* Products */;
			projectDirPath = "";
			projectRoot = "";
			targets = (
				EC30D39B2497007D0076EAFC /* GestureFlash */,
			);
		};
/* End PBXProject section */

/* Begin PBXResourcesBuildPhase section */
		EC30D39A2497007D0076EAFC /* Resources */ = {
			isa = PBXResourcesBuildPhase;
			buildActionMask = 2147483647;
			files = (
				EC30D3BA249724FB0076EAFC /* Main.storyboard in Resources */,
				EC30D3AC249700820076EAFC /* LaunchScreen.storyboard in Resources */,
				EC30D3A9249700820076EAFC /* Assets.xcassets in Resources */,
			);
			runOnlyForDeploymentPostprocessing = 0;
		};
/* End PBXResourcesBuildPhase section */

/* Begin PBXSourcesBuildPhase section */
		EC30D3982497007D0076EAFC /* Sources */ = {
			isa = PBXSourcesBuildPhase;
			buildActionMask = 2147483647;
			files = (
				EC30D3B6249713AB0076EAFC /* ResultViewController.swift in Sources */,
				EC30D3B42497138E0076EAFC /* PlayViewController.swift in Sources */,
				EC30D3A42497007D0076EAFC /* ViewController.swift in Sources */,
				EC30D3A02497007D0076EAFC /* AppDelegate.swift in Sources */,
				EC30D3A22497007D0076EAFC /* SceneDelegate.swift in Sources */,
			);
			runOnlyForDeploymentPostprocessing = 0;
		};
/* End PBXSourcesBuildPhase section */

/* Begin PBXVariantGroup section */
		EC30D3AA249700820076EAFC /* LaunchScreen.storyboard */ = {
			isa = PBXVariantGroup;
			children = (
				EC30D3AB249700820076EAFC /* Base */,
			);
			name = LaunchScreen.storyboard;
			sourceTree = "<group>";
		};
/* End PBXVariantGroup section */

/* Begin XCBuildConfiguration section */
		EC30D3AE249700820076EAFC /* Debug */ = {
			isa = XCBuildConfiguration;
			buildSettings = {
				ALWAYS_SEARCH_USER_PATHS = NO;
				CLANG_ANALYZER_NONNULL = YES;
				CLANG_ANALYZER_NUMBER_OBJECT_CONVERSION = YES_AGGRESSIVE;
				CLANG_CXX_LANGUAGE_STANDARD = "gnu++14";
				CLANG_CXX_LIBRARY = "libc++";
				CLANG_ENABLE_MODULES = YES;
				CLANG_ENABLE_OBJC_ARC = YES;
				CLANG_ENABLE_OBJC_WEAK = YES;
				CLANG_WARN_BLOCK_CAPTURE_AUTORELEASING = YES;
				CLANG_WARN_BOOL_CONVERSION = YES;
				CLANG_WARN_COMMA = YES;
				CLANG_WARN_CONSTANT_CONVERSION = YES;
				CLANG_WARN_DEPRECATED_OBJC_IMPLEMENTATIONS = YES;
				CLANG_WARN_DIRECT_OBJC_ISA_USAGE = YES_ERROR;
				CLANG_WARN_DOCUMENTATION_COMMENTS = YES;
				CLANG_WARN_EMPTY_BODY = YES;
				CLANG_WARN_ENUM_CONVERSION = YES;
				CLANG_WARN_INFINITE_RECURSION = YES;
				CLANG_WARN_INT_CONVERSION = YES;
				CLANG_WARN_NON_LITERAL_NULL_CONVERSION = YES;
				CLANG_WARN_OBJC_IMPLICIT_RETAIN_SELF = YES;
				CLANG_WARN_OBJC_LITERAL_CONVERSION = YES;
				CLANG_WARN_OBJC_ROOT_CLASS = YES_ERROR;
				CLANG_WARN_RANGE_LOOP_ANALYSIS = YES;
				CLANG_WARN_STRICT_PROTOTYPES = YES;
				CLANG_WARN_SUSPICIOUS_MOVE = YES;
				CLANG_WARN_UNGUARDED_AVAILABILITY = YES_AGGRESSIVE;
				CLANG_WARN_UNREACHABLE_CODE = YES;
				CLANG_WARN__DUPLICATE_METHOD_MATCH = YES;
				COPY_PHASE_STRIP = NO;
				DEBUG_INFORMATION_FORMAT = dwarf;
				ENABLE_STRICT_OBJC_MSGSEND = YES;
				ENABLE_TESTABILITY = YES;
				GCC_C_LANGUAGE_STANDARD = gnu11;
				GCC_DYNAMIC_NO_PIC = NO;
				GCC_NO_COMMON_BLOCKS = YES;
				GCC_OPTIMIZATION_LEVEL = 0;
				GCC_PREPROCESSOR_DEFINITIONS = (
					"DEBUG=1",
					"$(inherited)",
				);
				GCC_WARN_64_TO_32_BIT_CONVERSION = YES;
				GCC_WARN_ABOUT_RETURN_TYPE = YES_ERROR;
				GCC_WARN_UNDECLARED_SELECTOR = YES;
				GCC_WARN_UNINITIALIZED_AUTOS = YES_AGGRESSIVE;
				GCC_WARN_UNUSED_FUNCTION = YES;
				GCC_WARN_UNUSED_VARIABLE = YES;
				IPHONEOS_DEPLOYMENT_TARGET = 13.5;
				MTL_ENABLE_DEBUG_INFO = INCLUDE_SOURCE;
				MTL_FAST_MATH = YES;
				ONLY_ACTIVE_ARCH = YES;
				SDKROOT = iphoneos;
				SWIFT_ACTIVE_COMPILATION_CONDITIONS = DEBUG;
				SWIFT_OPTIMIZATION_LEVEL = "-Onone";
			};
			name = Debug;
		};
		EC30D3AF249700820076EAFC /* Release */ = {
			isa = XCBuildConfiguration;
			buildSettings = {
				ALWAYS_SEARCH_USER_PATHS = NO;
				CLANG_ANALYZER_NONNULL = YES;
				CLANG_ANALYZER_NUMBER_OBJECT_CONVERSION = YES_AGGRESSIVE;
				CLANG_CXX_LANGUAGE_STANDARD = "gnu++14";
				CLANG_CXX_LIBRARY = "libc++";
				CLANG_ENABLE_MODULES = YES;
				CLANG_ENABLE_OBJC_ARC = YES;
				CLANG_ENABLE_OBJC_WEAK = YES;
				CLANG_WARN_BLOCK_CAPTURE_AUTORELEASING = YES;
				CLANG_WARN_BOOL_CONVERSION = YES;
				CLANG_WARN_COMMA = YES;
				CLANG_WARN_CONSTANT_CONVERSION = YES;
				CLANG_WARN_DEPRECATED_OBJC_IMPLEMENTATIONS = YES;
				CLANG_WARN_DIRECT_OBJC_ISA_USAGE = YES_ERROR;
				CLANG_WARN_DOCUMENTATION_COMMENTS = YES;
				CLANG_WARN_EMPTY_BODY = YES;
				CLANG_WARN_ENUM_CONVERSION = YES;
				CLANG_WARN_INFINITE_RECURSION = YES;
				CLANG_WARN_INT_CONVERSION = YES;
				CLANG_WARN_NON_LITERAL_NULL_CONVERSION = YES;
				CLANG_WARN_OBJC_IMPLICIT_RETAIN_SELF = YES;
				CLANG_WARN_OBJC_LITERAL_CONVERSION = YES;
				CLANG_WARN_OBJC_ROOT_CLASS = YES_ERROR;
				CLANG_WARN_RANGE_LOOP_ANALYSIS = YES;
				CLANG_WARN_STRICT_PROTOTYPES = YES;
				CLANG_WARN_SUSPICIOUS_MOVE = YES;
				CLANG_WARN_UNGUARDED_AVAILABILITY = YES_AGGRESSIVE;
				CLANG_WARN_UNREACHABLE_CODE = YES;
				CLANG_WARN__DUPLICATE_METHOD_MATCH = YES;
				COPY_PHASE_STRIP = NO;
				DEBUG_INFORMATION_FORMAT = "dwarf-with-dsym";
				ENABLE_NS_ASSERTIONS = NO;
				ENABLE_STRICT_OBJC_MSGSEND = YES;
				GCC_C_LANGUAGE_STANDARD = gnu11;
				GCC_NO_COMMON_BLOCKS = YES;
				GCC_WARN_64_TO_32_BIT_CONVERSION = YES;
				GCC_WARN_ABOUT_RETURN_TYPE = YES_ERROR;
				GCC_WARN_UNDECLARED_SELECTOR = YES;
				GCC_WARN_UNINITIALIZED_AUTOS = YES_AGGRESSIVE;
				GCC_WARN_UNUSED_FUNCTION = YES;
				GCC_WARN_UNUSED_VARIABLE = YES;
				IPHONEOS_DEPLOYMENT_TARGET = 13.5;
				MTL_ENABLE_DEBUG_INFO = NO;
				MTL_FAST_MATH = YES;
				SDKROOT = iphoneos;
				SWIFT_COMPILATION_MODE = wholemodule;
				SWIFT_OPTIMIZATION_LEVEL = "-O";
				VALIDATE_PRODUCT = YES;
			};
			name = Release;
		};
		EC30D3B1249700820076EAFC /* Debug */ = {
			isa = XCBuildConfiguration;
			buildSettings = {
				ASSETCATALOG_COMPILER_APPICON_NAME = AppIcon;
				CODE_SIGN_STYLE = Automatic;
				INFOPLIST_FILE = GestureFlash/Info.plist;
				LD_RUNPATH_SEARCH_PATHS = (
					"$(inherited)",
					"@executable_path/Frameworks",
				);
				PRODUCT_BUNDLE_IDENTIFIER = "jp.co.al-j.panzun.GestureFlash";
				PRODUCT_NAME = "$(TARGET_NAME)";
				SWIFT_VERSION = 5.0;
				TARGETED_DEVICE_FAMILY = 1;
			};
			name = Debug;
		};
		EC30D3B2249700820076EAFC /* Release */ = {
			isa = XCBuildConfiguration;
			buildSettings = {
				ASSETCATALOG_COMPILER_APPICON_NAME = AppIcon;
				CODE_SIGN_STYLE = Automatic;
				INFOPLIST_FILE = GestureFlash/Info.plist;
				LD_RUNPATH_SEARCH_PATHS = (
					"$(inherited)",
					"@executable_path/Frameworks",
				);
				PRODUCT_BUNDLE_IDENTIFIER = "jp.co.al-j.panzun.GestureFlash";
				PRODUCT_NAME = "$(TARGET_NAME)";
				SWIFT_VERSION = 5.0;
				TARGETED_DEVICE_FAMILY = 1;
			};
			name = Release;
		};
/* End XCBuildConfiguration section */

/* Begin XCConfigurationList section */
		EC30D3972497007D0076EAFC /* Build configuration list for PBXProject "GestureFlash" */ = {
			isa = XCConfigurationList;
			buildConfigurations = (
				EC30D3AE249700820076EAFC /* Debug */,
				EC30D3AF249700820076EAFC /* Release */,
			);
			defaultConfigurationIsVisible = 0;
			defaultConfigurationName = Release;
		};
		EC30D3B0249700820076EAFC /* Build configuration list for PBXNativeTarget "GestureFlash" */ = {
			isa = XCConfigurationList;
			buildConfigurations = (
				EC30D3B1249700820076EAFC /* Debug */,
				EC30D3B2249700820076EAFC /* Release */,
			);
			defaultConfigurationIsVisible = 0;
			defaultConfigurationName = Release;
		};
/* End XCConfigurationList section */
	};
	rootObject = EC30D3942497007D0076EAFC /* Project object */;
}
